
Microsoft Visual Studio Solution File, Format Version 12.00
# Visual Studio Version 16
VisualStudioVersion = 16.0.31112.23
MinimumVisualStudioVersion = 10.0.40219.1
Project("{FAE04EC0-301F-11D3-BF4B-00C04F79EFBC}") = "Universidad", "Universidad\Universidad.csproj", "{B40952B5-7935-4252-8A92-9C2484B95BF6}"
EndProject
Project("{FAE04EC0-301F-11D3-BF4B-00C04F79EFBC}") = "Datos", "Datos\Datos.csproj", "{8DF113D8-BCB9-4CE4-A54E-9A753D78090D}"
EndProject
Project("{FAE04EC0-301F-11D3-BF4B-00C04F79EFBC}") = "Logica", "Logica\Logica.csproj", "{855545DC-3634-4E08-AB48-DD95662FEA1E}"
EndProject
Global
	GlobalSection(SolutionConfigurationPlatforms) = preSolution
		Debug|Any CPU = Debug|Any CPU
		Release|Any CPU = Release|Any CPU
	EndGlobalSection
	GlobalSection(ProjectConfigurationPlatforms) = postSolution
		{B40952B5-7935-4252-8A92-9C2484B95BF6}.Debug|Any CPU.ActiveCfg = Debug|Any CPU
		{B40952B5-7935-4252-8A92-9C2484B95BF6}.Debug|Any CPU.Build.0 = Debug|Any CPU
		{B40952B5-7935-4252-8A92-9C2484B95BF6}.Release|Any CPU.ActiveCfg = Release|Any CPU
		{B40952B5-7935-4252-8A92-9C2484B95BF6}.Release|Any CPU.Build.0 = Release|Any CPU
		{8DF113D8-BCB9-4CE4-A54E-9A753D78090D}.Debug|Any CPU.ActiveCfg = Debug|Any CPU
		{8DF113D8-BCB9-4CE4-A54E-9A753D78090D}.Debug|Any CPU.Build.0 = Debug|Any CPU
		{8DF113D8-BCB9-4CE4-A54E-9A753D78090D}.Release|Any CPU.ActiveCfg = Release|Any CPU
		{8DF113D8-BCB9-4CE4-A54E-9A753D78090D}.Release|Any CPU.Build.0 = Release|Any CPU
		{855545DC-3634-4E08-AB48-DD95662FEA1E}.Debug|Any CPU.ActiveCfg = Debug|Any CPU
		{855545DC-3634-4E08-AB48-DD95662FEA1E}.Debug|Any CPU.Build.0 = Debug|Any CPU
		{855545DC-3634-4E08-AB48-DD95662FEA1E}.Release|Any CPU.ActiveCfg = Release|Any CPU
		{855545DC-3634-4E08-AB48-DD95662FEA1E}.Release|Any CPU.Build.0 = Release|Any CPU
	EndGlobalSection
	GlobalSection(SolutionProperties) = preSolution
		HideSolutionNode = FALSE
	EndGlobalSection
	GlobalSection(ExtensibilityGlobals) = postSolution
		SolutionGuid = {69C60CC2-E7F0-45CF-9928-28E69B7AAC65}
	EndGlobalSection
EndGlobal
